{
  "lockfileVersion": 1,
  "configVersion": 1,
  "workspaces": {
    "": {
      "name": "@ika.xyz/pre-alpha-solana-client",
      "dependencies": {
        "@bufbuild/protobuf": "^2.11",
        "@grpc/grpc-js": "^1.12",
        "@mysten/bcs": "^2.0",
        "@protobuf-ts/grpcweb-transport": "^2.11",
        "@protobuf-ts/runtime": "^2.11",
        "@protobuf-ts/runtime-rpc": "^2.11",
      },
      "devDependencies": {
        "@protobuf-ts/plugin": "^2.11",
        "ts-proto": "^2.11",
        "typescript": "^5",
      },
      "peerDependencies": {
        "@solana/kit": "^6.4",
        "typescript": "^5",
      },
    },
  },
  "packages": {
    "@bufbuild/protobuf": ["@bufbuild/protobuf@2.11.0", "", {}, "sha512-sBXGT13cpmPR5BMgHE6UEEfEaShh5Ror6rfN3yEK5si7QVrtZg8LEPQb0VVhiLRUslD2yLnXtnRzG035J/mZXQ=="],

    "@bufbuild/protoplugin": ["@bufbuild/protoplugin@2.11.0", "", { "dependencies": { "@bufbuild/protobuf": "2.11.0", "@typescript/vfs": "^1.6.2", "typescript": "5.4.5" } }, "sha512-lyZVNFUHArIOt4W0+dwYBe5GBwbKzbOy8ObaloEqsw9Mmiwv2O48TwddDoHN4itylC+BaEGqFdI1W8WQt2vWJQ=="],

    "@grpc/grpc-js": ["@grpc/grpc-js@1.14.3", "", { "dependencies": { "@grpc/proto-loader": "^0.8.0", "@js-sdsl/ordered-map": "^4.4.2" } }, "sha512-Iq8QQQ/7X3Sac15oB6p0FmUg/klxQvXLeileoqrTRGJYLV+/9tubbr9ipz0GKHjmXVsgFPo/+W+2cA8eNcR+XA=="],

    "@grpc/proto-loader": ["@grpc/proto-loader@0.8.0", "", { "dependencies": { "lodash.camelcase": "^4.3.0", "long": "^5.0.0", "protobufjs": "^7.5.3", "yargs": "^17.7.2" }, "bin": { "proto-loader-gen-types": "build/bin/proto-loader-gen-types.js" } }, "sha512-rc1hOQtjIWGxcxpb9aHAfLpIctjEnsDehj0DAiVfBlmT84uvR0uUtN2hEi/ecvWVjXUGf5qPF4qEgiLOx1YIMQ=="],

    "@js-sdsl/ordered-map": ["@js-sdsl/ordered-map@4.4.2", "", {}, "sha512-iUKgm52T8HOE/makSxjqoWhe95ZJA1/G1sYsGev2JDKUSS14KAgg1LHb+Ba+IPow0xflbnSkOsZcO08C7w1gYw=="],

    "@mysten/bcs": ["@mysten/bcs@2.0.3", "", { "dependencies": { "@mysten/utils": "^0.3.1", "@scure/base": "^2.0.0" } }, "sha512-dwcaL4HNAsEGpU3hKUAsXgCZp9l6++e2A3THpzoYZ8e7bsy4XH1V0dXD5dIzgNcVZiZfb6ZnDMG+gdF6+1WOQA=="],

    "@mysten/utils": ["@mysten/utils@0.3.1", "", { "dependencies": { "@scure/base": "^2.0.0" } }, "sha512-36KhxG284uhDdSnlkyNaS6fzKTX9FpP2WQWOwUKIRsqQFFIm2ooCf2TP1IuqrtMpkairwpiWkAS0eg7cpemVzg=="],

    "@protobuf-ts/grpcweb-transport": ["@protobuf-ts/grpcweb-transport@2.11.1", "", { "dependencies": { "@protobuf-ts/runtime": "^2.11.1", "@protobuf-ts/runtime-rpc": "^2.11.1" } }, "sha512-1W4utDdvOB+RHMFQ0soL4JdnxjXV+ddeGIUg08DvZrA8Ms6k5NN6GBFU2oHZdTOcJVpPrDJ02RJlqtaoCMNBtw=="],

    "@protobuf-ts/plugin": ["@protobuf-ts/plugin@2.11.1", "", { "dependencies": { "@bufbuild/protobuf": "^2.4.0", "@bufbuild/protoplugin": "^2.4.0", "@protobuf-ts/protoc": "^2.11.1", "@protobuf-ts/runtime": "^2.11.1", "@protobuf-ts/runtime-rpc": "^2.11.1", "typescript": "^3.9" }, "bin": { "protoc-gen-ts": "bin/protoc-gen-ts", "protoc-gen-dump": "bin/protoc-gen-dump" } }, "sha512-HyuprDcw0bEEJqkOWe1rnXUP0gwYLij8YhPuZyZk6cJbIgc/Q0IFgoHQxOXNIXAcXM4Sbehh6kjVnCzasElw1A=="],

    "@protobuf-ts/protoc": ["@protobuf-ts/protoc@2.11.1", "", { "bin": { "protoc": "protoc.js" } }, "sha512-mUZJaV0daGO6HUX90o/atzQ6A7bbN2RSuHtdwo8SSF2Qoe3zHwa4IHyCN1evftTeHfLmdz+45qo47sL+5P8nyg=="],

    "@protobuf-ts/runtime": ["@protobuf-ts/runtime@2.11.1", "", {}, "sha512-KuDaT1IfHkugM2pyz+FwiY80ejWrkH1pAtOBOZFuR6SXEFTsnb/jiQWQ1rCIrcKx2BtyxnxW6BWwsVSA/Ie+WQ=="],

    "@protobuf-ts/runtime-rpc": ["@protobuf-ts/runtime-rpc@2.11.1", "", { "dependencies": { "@protobuf-ts/runtime": "^2.11.1" } }, "sha512-4CqqUmNA+/uMz00+d3CYKgElXO9VrEbucjnBFEjqI4GuDrEQ32MaI3q+9qPBvIGOlL4PmHXrzM32vBPWRhQKWQ=="],

    "@protobufjs/aspromise": ["@protobufjs/aspromise@1.1.2", "", {}, "sha512-j+gKExEuLmKwvz3OgROXtrJ2UG2x8Ch2YZUxahh+s1F2HZ+wAceUNLkvy6zKCPVRkU++ZWQrdxsUeQXmcg4uoQ=="],

    "@protobufjs/base64": ["@protobufjs/base64@1.1.2", "", {}, "sha512-AZkcAA5vnN/v4PDqKyMR5lx7hZttPDgClv83E//FMNhR2TMcLUhfRUBHCmSl0oi9zMgDDqRUJkSxO3wm85+XLg=="],

    "@protobufjs/codegen": ["@protobufjs/codegen@2.0.4", "", {}, "sha512-YyFaikqM5sH0ziFZCN3xDC7zeGaB/d0IUb9CATugHWbd1FRFwWwt4ld4OYMPWu5a3Xe01mGAULCdqhMlPl29Jg=="],

    "@protobufjs/eventemitter": ["@protobufjs/eventemitter@1.1.0", "", {}, "sha512-j9ednRT81vYJ9OfVuXG6ERSTdEL1xVsNgqpkxMsbIabzSo3goCjDIveeGv5d03om39ML71RdmrGNjG5SReBP/Q=="],

    "@protobufjs/fetch": ["@protobufjs/fetch@1.1.0", "", { "dependencies": { "@protobufjs/aspromise": "^1.1.1", "@protobufjs/inquire": "^1.1.0" } }, "sha512-lljVXpqXebpsijW71PZaCYeIcE5on1w5DlQy5WH6GLbFryLUrBD4932W/E2BSpfRJWseIL4v/KPgBFxDOIdKpQ=="],

    "@protobufjs/float": ["@protobufjs/float@1.0.2", "", {}, "sha512-Ddb+kVXlXst9d+R9PfTIxh1EdNkgoRe5tOX6t01f1lYWOvJnSPDBlG241QLzcyPdoNTsblLUdujGSE4RzrTZGQ=="],

    "@protobufjs/inquire": ["@protobufjs/inquire@1.1.0", "", {}, "sha512-kdSefcPdruJiFMVSbn801t4vFK7KB/5gd2fYvrxhuJYg8ILrmn9SKSX2tZdV6V+ksulWqS7aXjBcRXl3wHoD9Q=="],

    "@protobufjs/path": ["@protobufjs/path@1.1.2", "", {}, "sha512-6JOcJ5Tm08dOHAbdR3GrvP+yUUfkjG5ePsHYczMFLq3ZmMkAD98cDgcT2iA1lJ9NVwFd4tH/iSSoe44YWkltEA=="],

    "@protobufjs/pool": ["@protobufjs/pool@1.1.0", "", {}, "sha512-0kELaGSIDBKvcgS4zkjz1PeddatrjYcmMWOlAuAPwAeccUrPHdUqo/J6LiymHHEiJT5NrF1UVwxY14f+fy4WQw=="],

    "@protobufjs/utf8": ["@protobufjs/utf8@1.1.0", "", {}, "sha512-Vvn3zZrhQZkkBE8LSuW3em98c0FwgO4nxzv6OdSxPKJIEKY2bGbHn+mhGIPerzI4twdxaP8/0+06HBpwf345Lw=="],

    "@scure/base": ["@scure/base@2.0.0", "", {}, "sha512-3E1kpuZginKkek01ovG8krQ0Z44E3DHPjc5S2rjJw9lZn3KSQOs8S7wqikF/AH7iRanHypj85uGyxk0XAyC37w=="],

    "@solana/accounts": ["@solana/accounts@6.7.0", "", { "dependencies": { "@solana/addresses": "6.7.0", "@solana/codecs-core": "6.7.0", "@solana/codecs-strings": "6.7.0", "@solana/errors": "6.7.0", "@solana/rpc-spec": "6.7.0", "@solana/rpc-types": "6.7.0" }, "peerDependencies": { "typescript": "^5.0.0" }, "optionalPeers": ["typescript"] }, "sha512-RNUJtnFKGjr4rdlnj5zUyhZolDl+EC2X5Sw0XAjXCsyp5A0TbymWA/XbyUGw9FYdv2TP1x10lD8TiH/IRo4dlA=="],

    "@solana/addresses": ["@solana/addresses@6.7.0", "", { "dependencies": { "@solana/assertions": "6.7.0", "@solana/codecs-core": "6.7.0", "@solana/codecs-strings": "6.7.0", "@solana/errors": "6.7.0", "@solana/nominal-types": "6.7.0" }, "peerDependencies": { "typescript": "^5.0.0" }, "optionalPeers": ["typescript"] }, "sha512-jmzTxmEXXPDyh1vIJnxjGWxpX1p8DiS201M0yzPynlOf3XhQrk5nfVYw5O/U3+g64pEyOi/W6qbTVAVOov+oVw=="],

    "@solana/assertions": ["@solana/assertions@6.7.0", "", { "dependencies": { "@solana/errors": "6.7.0" }, "peerDependencies": { "typescript": "^5.0.0" }, "optionalPeers": ["typescript"] }, "sha512-/nv3tgZNYmIz2mezzfjQcAUl1QN70lGYqKtR+LWFlKt2Srv0V9ugyerniRInMpuPjb/loVA9UxdPne0hzFt4Uw=="],

    "@solana/codecs": ["@solana/codecs@6.7.0", "", { "dependencies": { "@solana/codecs-core": "6.7.0", "@solana/codecs-data-structures": "6.7.0", "@solana/codecs-numbers": "6.7.0", "@solana/codecs-strings": "6.7.0", "@solana/options": "6.7.0" }, "peerDependencies": { "typescript": "^5.0.0" }, "optionalPeers": ["typescript"] }, "sha512-1LLDxHMDZj2OqPlSbgQY8uRw+AkvsdPQDJWkn783hzpBtU3oj7whehoqOETtTqbWtF1hK3T/cESz31LTL919pA=="],

    "@solana/codecs-core": ["@solana/codecs-core@6.7.0", "", { "dependencies": { "@solana/errors": "6.7.0" }, "peerDependencies": { "typescript": "^5.0.0" }, "optionalPeers": ["typescript"] }, "sha512-IVBuoFyN8upzJJ/Qg3Wc/Go8XKusZXAjqsglgCLCTgOaS68kb9E9CC2N8cGkqFDb2zJuOqGm80ZBdQaL/T7qiA=="],

    "@solana/codecs-data-structures": ["@solana/codecs-data-structures@6.7.0", "", { "dependencies": { "@solana/codecs-core": "6.7.0", "@solana/codecs-numbers": "6.7.0", "@solana/errors": "6.7.0" }, "peerDependencies": { "typescript": "^5.0.0" }, "optionalPeers": ["typescript"] }, "sha512-n9SUQd5hGLAmYV4fJL6XEEdL5oZ+gfUxPe7rENPAXxw2gwjc4/axV3s251a3duKNJPW0CVwdmMM4tcUxJmmpGw=="],

    "@solana/codecs-numbers": ["@solana/codecs-numbers@6.7.0", "", { "dependencies": { "@solana/codecs-core": "6.7.0", "@solana/errors": "6.7.0" }, "peerDependencies": { "typescript": "^5.0.0" }, "optionalPeers": ["typescript"] }, "sha512-bk5b+JXVGoU6AdITBSd48NrCA2RsS8jpbXlyCnDsHJrr84TMJfk1lvFYXnv6DYm8ObdgaqIoQCo8lpvITEFavQ=="],

    "@solana/codecs-strings": ["@solana/codecs-strings@6.7.0", "", { "dependencies": { "@solana/codecs-core": "6.7.0", "@solana/codecs-numbers": "6.7.0", "@solana/errors": "6.7.0" }, "peerDependencies": { "fastestsmallesttextencoderdecoder": "^1.0.22", "typescript": "^5.0.0" }, "optionalPeers": ["fastestsmallesttextencoderdecoder", "typescript"] }, "sha512-X+vmiHll/8ATjW1GCny5jP5odZXq2f6luUmyMsEuUvBugA8KqFUqb9FezdHDizuWU234im+0iDFMjvvFNt0ROw=="],

    "@solana/errors": ["@solana/errors@6.7.0", "", { "dependencies": { "chalk": "5.6.2", "commander": "14.0.3" }, "peerDependencies": { "typescript": "^5.0.0" }, "optionalPeers": ["typescript"], "bin": { "errors": "bin/cli.mjs" } }, "sha512-wxxo56b2NHcXXXTr/tixpDCa8xzW8v4/gNnDPcctwof21/Jv8qNNyBNgu/xbREuN1SQNthDM5d5c7k/v67uQkw=="],

    "@solana/fast-stable-stringify": ["@solana/fast-stable-stringify@6.7.0", "", { "peerDependencies": { "typescript": "^5.0.0" }, "optionalPeers": ["typescript"] }, "sha512-1RAk+8PDrF1jDiZLbuPNsH6+g2XPR4jiN823ZqXaDcqgSjeCB59mkyH5KNuwhLFIBjxL+IApWdG+JL/H4WJu9g=="],

    "@solana/functional": ["@solana/functional@6.7.0", "", { "peerDependencies": { "typescript": "^5.0.0" }, "optionalPeers": ["typescript"] }, "sha512-RcR+RRJKH43Ko98ru+LKDkjtcs3sHGz26HWL2IyPujni8RH3VsK2hg7HiLqO8Y4R53yzwsn2iZ3D+q8SkYbTpg=="],

    "@solana/instruction-plans": ["@solana/instruction-plans@6.7.0", "", { "dependencies": { "@solana/errors": "6.7.0", "@solana/instructions": "6.7.0", "@solana/keys": "6.7.0", "@solana/promises": "6.7.0", "@solana/transaction-messages": "6.7.0", "@solana/transactions": "6.7.0" }, "peerDependencies": { "typescript": "^5.0.0" }, "optionalPeers": ["typescript"] }, "sha512-JTCPahwY76ojHPW+P+xsT08pr7pZNPxQm6uuRBLRjQXmRaNu5ZENgJHGjm1C/gwOCq9qlzPTR3R2T9I5/88GOA=="],

    "@solana/instructions": ["@solana/instructions@6.7.0", "", { "dependencies": { "@solana/codecs-core": "6.7.0", "@solana/errors": "6.7.0" }, "peerDependencies": { "typescript": "^5.0.0" }, "optionalPeers": ["typescript"] }, "sha512-VlDcmxWXsLPO3BXMxQrv/wHDWz2HZ47XAYIgEJlIvzGYm77GEpawyNQSoPUb6F6zTBuJmn02HW8gvmEBYPqs7w=="],

    "@solana/keys": ["@solana/keys@6.7.0", "", { "dependencies": { "@solana/assertions": "6.7.0", "@solana/codecs-core": "6.7.0", "@solana/codecs-strings": "6.7.0", "@solana/errors": "6.7.0", "@solana/nominal-types": "6.7.0" }, "peerDependencies": { "typescript": "^5.0.0" }, "optionalPeers": ["typescript"] }, "sha512-qyrBOLuluxkI+JamwpfsuwCIgFtapts+TcTeG4w0bxbE9TXJAJKb/CP9JhVt4XgNkW+awX4YTk0itpHOZL5y3Q=="],

    "@solana/kit": ["@solana/kit@6.7.0", "", { "dependencies": { "@solana/accounts": "6.7.0", "@solana/addresses": "6.7.0", "@solana/codecs": "6.7.0", "@solana/errors": "6.7.0", "@solana/functional": "6.7.0", "@solana/instruction-plans": "6.7.0", "@solana/instructions": "6.7.0", "@solana/keys": "6.7.0", "@solana/offchain-messages": "6.7.0", "@solana/plugin-core": "6.7.0", "@solana/plugin-interfaces": "6.7.0", "@solana/program-client-core": "6.7.0", "@solana/programs": "6.7.0", "@solana/rpc": "6.7.0", "@solana/rpc-api": "6.7.0", "@solana/rpc-parsed-types": "6.7.0", "@solana/rpc-spec-types": "6.7.0", "@solana/rpc-subscriptions": "6.7.0", "@solana/rpc-types": "6.7.0", "@solana/signers": "6.7.0", "@solana/sysvars": "6.7.0", "@solana/transaction-confirmation": "6.7.0", "@solana/transaction-messages": "6.7.0", "@solana/transactions": "6.7.0" }, "peerDependencies": { "typescript": "^5.0.0" }, "optionalPeers": ["typescript"] }, "sha512-/N/lkkYSQ4frD2K61jBZenvU92GoETiraCoWlsWe3OzqeJABMToLG3fwTpG/tU5T+ErHNqjmRdAHAQXvSe5muw=="],

    "@solana/nominal-types": ["@solana/nominal-types@6.7.0", "", { "peerDependencies": { "typescript": "^5.0.0" }, "optionalPeers": ["typescript"] }, "sha512-XY+6gF9TzonHiI6VBjtcrEfxT/0KlmF3KRFGSKM5JLEfhs3w+E26op3TOqHuOX7H6llZBgxybaZmXKrvo2rt/w=="],

    "@solana/offchain-messages": ["@solana/offchain-messages@6.7.0", "", { "dependencies": { "@solana/addresses": "6.7.0", "@solana/codecs-core": "6.7.0", "@solana/codecs-data-structures": "6.7.0", "@solana/codecs-numbers": "6.7.0", "@solana/codecs-strings": "6.7.0", "@solana/errors": "6.7.0", "@solana/keys": "6.7.0", "@solana/nominal-types": "6.7.0" }, "peerDependencies": { "typescript": "^5.0.0" }, "optionalPeers": ["typescript"] }, "sha512-c9IDz6hrzkklq0y7fhPXiY973cDILLL3ZIGIZPofEg12s/VxvUIFYseN/syVAQSUkzeYrDywZQLlF6sptAxWdQ=="],

    "@solana/options": ["@solana/options@6.7.0", "", { "dependencies": { "@solana/codecs-core": "6.7.0", "@solana/codecs-data-structures": "6.7.0", "@solana/codecs-numbers": "6.7.0", "@solana/codecs-strings": "6.7.0", "@solana/errors": "6.7.0" }, "peerDependencies": { "typescript": "^5.0.0" }, "optionalPeers": ["typescript"] }, "sha512-B6nmUvfNpW+E6Oq9MtCzI6ExK5b3AJIRqjz+x1RBdA9rUCF6alM/4bjCSoADCZZVCTMts7FJF59r9XZrwONp2w=="],

    "@solana/plugin-core": ["@solana/plugin-core@6.7.0", "", { "peerDependencies": { "typescript": "^5.0.0" }, "optionalPeers": ["typescript"] }, "sha512-tO9PAa9nFxZdrlYYHuG8pP9WbO/Szo1rr2YT2Mpj8PKDDqLsrQ2cCC8GerHbdLOr1s+cE1O7fotbydGDqeC9yQ=="],

    "@solana/plugin-interfaces": ["@solana/plugin-interfaces@6.7.0", "", { "dependencies": { "@solana/addresses": "6.7.0", "@solana/instruction-plans": "6.7.0", "@solana/keys": "6.7.0", "@solana/rpc-spec": "6.7.0", "@solana/rpc-subscriptions-spec": "6.7.0", "@solana/rpc-types": "6.7.0", "@solana/signers": "6.7.0" }, "peerDependencies": { "typescript": "^5.0.0" }, "optionalPeers": ["typescript"] }, "sha512-RVlZEx3gqCsPZ2aQtxRc+8TX0m8LqPFakZn9ceq40WPuZwqE1khx4G82aYSxwJiiZ3HIepMPChRYSG+7tcoRRA=="],

    "@solana/program-client-core": ["@solana/program-client-core@6.7.0", "", { "dependencies": { "@solana/accounts": "6.7.0", "@solana/addresses": "6.7.0", "@solana/codecs-core": "6.7.0", "@solana/errors": "6.7.0", "@solana/instruction-plans": "6.7.0", "@solana/instructions": "6.7.0", "@solana/plugin-interfaces": "6.7.0", "@solana/rpc-api": "6.7.0", "@solana/signers": "6.7.0" }, "peerDependencies": { "typescript": "^5.0.0" }, "optionalPeers": ["typescript"] }, "sha512-/ReQ26eOUjdL26smpv1732H+amGOCAB6dMnCCgaqCxS1pzY6bAfJoS6SU+z4ev8KzF7kAdlZG/f+LrtI74hFyA=="],

    "@solana/programs": ["@solana/programs@6.7.0", "", { "dependencies": { "@solana/addresses": "6.7.0", "@solana/errors": "6.7.0" }, "peerDependencies": { "typescript": "^5.0.0" }, "optionalPeers": ["typescript"] }, "sha512-RbJ9jWRaSGSQgyDyaN2FBXjqb5ussSjmIRgG5SsXehCQeJqb91qVGRpA55x7H6pbIPX5WDIiBgxZTK0nS4ja7Q=="],

    "@solana/promises": ["@solana/promises@6.7.0", "", { "peerDependencies": { "typescript": "^5.0.0" }, "optionalPeers": ["typescript"] }, "sha512-LKdYoYr6KXqSsJ39VjlZ15l+QuCx/bzoug62CShJqud41BUFUTPm7mD5sbV+rc8k0W1+MY8OKFA8G1i7zljw7w=="],

    "@solana/rpc": ["@solana/rpc@6.7.0", "", { "dependencies": { "@solana/errors": "6.7.0", "@solana/fast-stable-stringify": "6.7.0", "@solana/functional": "6.7.0", "@solana/rpc-api": "6.7.0", "@solana/rpc-spec": "6.7.0", "@solana/rpc-spec-types": "6.7.0", "@solana/rpc-transformers": "6.7.0", "@solana/rpc-transport-http": "6.7.0", "@solana/rpc-types": "6.7.0" }, "peerDependencies": { "typescript": "^5.0.0" }, "optionalPeers": ["typescript"] }, "sha512-Z2gE4U4ou8st8CwV1NjoVvVjeEfJi1Xnz5Rs5bd6vIneHyB3UjVk8hHmjNpaYCI/11zdFL1gp4D2tga38pNrHg=="],

    "@solana/rpc-api": ["@solana/rpc-api@6.7.0", "", { "dependencies": { "@solana/addresses": "6.7.0", "@solana/codecs-core": "6.7.0", "@solana/codecs-strings": "6.7.0", "@solana/errors": "6.7.0", "@solana/keys": "6.7.0", "@solana/rpc-parsed-types": "6.7.0", "@solana/rpc-spec": "6.7.0", "@solana/rpc-transformers": "6.7.0", "@solana/rpc-types": "6.7.0", "@solana/transaction-messages": "6.7.0", "@solana/transactions": "6.7.0" }, "peerDependencies": { "typescript": "^5.0.0" }, "optionalPeers": ["typescript"] }, "sha512-Tzz1Mr2ejmLV2vKqPPru51u4EiwOUdMGHgby6j9XKMDBNcLIYPnAJKfIgbTZUJljM/MPFzZSzBGUzmoTo4pqTQ=="],

    "@solana/rpc-parsed-types": ["@solana/rpc-parsed-types@6.7.0", "", { "peerDependencies": { "typescript": "^5.0.0" }, "optionalPeers": ["typescript"] }, "sha512-DwX4O918uAodrJyMh5TmsovOGeXRfF46Qwgbh57ZknFk3whrnahAHnPV9H5uR41hBExfZ/RE4u4IvLySca3Y8g=="],

    "@solana/rpc-spec": ["@solana/rpc-spec@6.7.0", "", { "dependencies": { "@solana/errors": "6.7.0", "@solana/rpc-spec-types": "6.7.0" }, "peerDependencies": { "typescript": "^5.0.0" }, "optionalPeers": ["typescript"] }, "sha512-dCCwZQdWW176fs7Db9qOrCGii7WnIhe+x5DM1p8TFov+4X/4APD4VD5/sgUcTEFKobawYaqrH2f7kk/kMSbE3w=="],

    "@solana/rpc-spec-types": ["@solana/rpc-spec-types@6.7.0", "", { "peerDependencies": { "typescript": "^5.0.0" }, "optionalPeers": ["typescript"] }, "sha512-ohameGNJmtjZm7bIIGSaRIRI2G6Ikx77MfCyi9egxZo+CSS6X8WYQyqibVFjq/5RuFz9KnQp6+o2wOn3UL78sg=="],

    "@solana/rpc-subscriptions": ["@solana/rpc-subscriptions@6.7.0", "", { "dependencies": { "@solana/errors": "6.7.0", "@solana/fast-stable-stringify": "6.7.0", "@solana/functional": "6.7.0", "@solana/promises": "6.7.0", "@solana/rpc-spec-types": "6.7.0", "@solana/rpc-subscriptions-api": "6.7.0", "@solana/rpc-subscriptions-channel-websocket": "6.7.0", "@solana/rpc-subscriptions-spec": "6.7.0", "@solana/rpc-transformers": "6.7.0", "@solana/rpc-types": "6.7.0", "@solana/subscribable": "6.7.0" }, "peerDependencies": { "typescript": "^5.0.0" }, "optionalPeers": ["typescript"] }, "sha512-QocXnamF9fkgRMneApAepFZEX6sqjmFcmNX1h+fx05KKouQRgJ5fMEmV10Ga9DFtdc8CJtOPqYjyYRk2b/ygLQ=="],

    "@solana/rpc-subscriptions-api": ["@solana/rpc-subscriptions-api@6.7.0", "", { "dependencies": { "@solana/addresses": "6.7.0", "@solana/keys": "6.7.0", "@solana/rpc-subscriptions-spec": "6.7.0", "@solana/rpc-transformers": "6.7.0", "@solana/rpc-types": "6.7.0", "@solana/transaction-messages": "6.7.0", "@solana/transactions": "6.7.0" }, "peerDependencies": { "typescript": "^5.0.0" }, "optionalPeers": ["typescript"] }, "sha512-924U8fmFd+5ZkkK5023LWsR//qIkx7TinNxuFEnpbM4x/Yfi2O50xLelnx6hWV+dOJRQSJDzpMoPa3edQXUyQQ=="],

    "@solana/rpc-subscriptions-channel-websocket": ["@solana/rpc-subscriptions-channel-websocket@6.7.0", "", { "dependencies": { "@solana/errors": "6.7.0", "@solana/functional": "6.7.0", "@solana/rpc-subscriptions-spec": "6.7.0", "@solana/subscribable": "6.7.0", "ws": "^8.19.0" }, "peerDependencies": { "typescript": "^5.0.0" }, "optionalPeers": ["typescript"] }, "sha512-QlyqG31WCZtHrRinxeysNpmWOUJ8dYVl6/IKDACSH8QwlTmKkeIi/U197RfZ24ul+nDQ/arrVBp3wBFWVK8MWg=="],

    "@solana/rpc-subscriptions-spec": ["@solana/rpc-subscriptions-spec@6.7.0", "", { "dependencies": { "@solana/errors": "6.7.0", "@solana/promises": "6.7.0", "@solana/rpc-spec-types": "6.7.0", "@solana/subscribable": "6.7.0" }, "peerDependencies": { "typescript": "^5.0.0" }, "optionalPeers": ["typescript"] }, "sha512-F+zK+l3INGGzrKN5+4VV8wemS18IvNYtr43h05VMwPF4qcibR+RnAxZ0Eq6FiCjQ+nF8dA5lE1eQxkkLoNxThQ=="],

    "@solana/rpc-transformers": ["@solana/rpc-transformers@6.7.0", "", { "dependencies": { "@solana/errors": "6.7.0", "@solana/functional": "6.7.0", "@solana/nominal-types": "6.7.0", "@solana/rpc-spec-types": "6.7.0", "@solana/rpc-types": "6.7.0" }, "peerDependencies": { "typescript": "^5.0.0" }, "optionalPeers": ["typescript"] }, "sha512-0kKwDbvYRfc5jvppqdkgxI620qF/rxnfayR0XLvdu4W+mOKMNEbBccBzrMqwm0tjVWGRgRHtpQtZ7t9fKWDX8A=="],

    "@solana/rpc-transport-http": ["@solana/rpc-transport-http@6.7.0", "", { "dependencies": { "@solana/errors": "6.7.0", "@solana/rpc-spec": "6.7.0", "@solana/rpc-spec-types": "6.7.0", "undici-types": "^7.22.0" }, "peerDependencies": { "typescript": "^5.0.0" }, "optionalPeers": ["typescript"] }, "sha512-FDj6y+LT+TY5cn4bgYjZss73vqqThc60P7CLSDUqYzTtqNE+IfEe7h6pmP4oJvOVWr6sWwYICHkgD3x2BFtPZA=="],

    "@solana/rpc-types": ["@solana/rpc-types@6.7.0", "", { "dependencies": { "@solana/addresses": "6.7.0", "@solana/codecs-core": "6.7.0", "@solana/codecs-numbers": "6.7.0", "@solana/codecs-strings": "6.7.0", "@solana/errors": "6.7.0", "@solana/nominal-types": "6.7.0" }, "peerDependencies": { "typescript": "^5.0.0" }, "optionalPeers": ["typescript"] }, "sha512-M5F1ommNsp/aNWZIDUdboOHAftrPaUH6wcho71bIh3WaTVAtk2vYyyTaow+lX5sI3psVE/XB8f2WVcKH+p1TIA=="],

    "@solana/signers": ["@solana/signers@6.7.0", "", { "dependencies": { "@solana/addresses": "6.7.0", "@solana/codecs-core": "6.7.0", "@solana/errors": "6.7.0", "@solana/instructions": "6.7.0", "@solana/keys": "6.7.0", "@solana/nominal-types": "6.7.0", "@solana/offchain-messages": "6.7.0", "@solana/transaction-messages": "6.7.0", "@solana/transactions": "6.7.0" }, "peerDependencies": { "typescript": "^5.0.0" }, "optionalPeers": ["typescript"] }, "sha512-r2cFkxJFf7AjxXkZL0aXbiipscis7xzs1acmZzD2pgy7w7Hz6bw1w3lWihYL/pgjprYafnpH7XG36jJzKF0+WA=="],

    "@solana/subscribable": ["@solana/subscribable@6.7.0", "", { "dependencies": { "@solana/errors": "6.7.0" }, "peerDependencies": { "typescript": "^5.0.0" }, "optionalPeers": ["typescript"] }, "sha512-cAEM3u8Z9qTjWwMEZ75tMRoFWArPnseP3INz0FM8FxsjD5uxZ5rH6H0uPfUBBiI/n+pqdkmQMX39hmdXE39hXQ=="],

    "@solana/sysvars": ["@solana/sysvars@6.7.0", "", { "dependencies": { "@solana/accounts": "6.7.0", "@solana/codecs-core": "6.7.0", "@solana/codecs-data-structures": "6.7.0", "@solana/codecs-numbers": "6.7.0", "@solana/errors": "6.7.0", "@solana/rpc-types": "6.7.0" }, "peerDependencies": { "typescript": "^5.0.0" }, "optionalPeers": ["typescript"] }, "sha512-TDMmDh1Nq/F0B0IN6P/eujx96oLo9n794jn7ZAT+a7cSrMM9QtxPXvEaW8cqp0cB6lWWkKolPfPSOilZK74WcQ=="],

    "@solana/transaction-confirmation": ["@solana/transaction-confirmation@6.7.0", "", { "dependencies": { "@solana/addresses": "6.7.0", "@solana/codecs-strings": "6.7.0", "@solana/errors": "6.7.0", "@solana/keys": "6.7.0", "@solana/promises": "6.7.0", "@solana/rpc": "6.7.0", "@solana/rpc-subscriptions": "6.7.0", "@solana/rpc-types": "6.7.0", "@solana/transaction-messages": "6.7.0", "@solana/transactions": "6.7.0" }, "peerDependencies": { "typescript": "^5.0.0" }, "optionalPeers": ["typescript"] }, "sha512-yalZYuOQDvLpRftcxdKYRbPkEjPRNZ1pFavdpj4TWPQryYbq86xgxJmvP2GW8UnCIBEp42PucbdHXuXM33Cx+A=="],

    "@solana/transaction-messages": ["@solana/transaction-messages@6.7.0", "", { "dependencies": { "@solana/addresses": "6.7.0", "@solana/codecs-core": "6.7.0", "@solana/codecs-data-structures": "6.7.0", "@solana/codecs-numbers": "6.7.0", "@solana/errors": "6.7.0", "@solana/functional": "6.7.0", "@solana/instructions": "6.7.0", "@solana/nominal-types": "6.7.0", "@solana/rpc-types": "6.7.0" }, "peerDependencies": { "typescript": "^5.0.0" }, "optionalPeers": ["typescript"] }, "sha512-sbr26okH0DNrufhMMegMyqL1z1+ISXn/NcIWeEh7xXiMUGZlWL1z045PrRdqD2qTkMh8c474DBEzfGWj8AiQOA=="],

    "@solana/transactions": ["@solana/transactions@6.7.0", "", { "dependencies": { "@solana/addresses": "6.7.0", "@solana/codecs-core": "6.7.0", "@solana/codecs-data-structures": "6.7.0", "@solana/codecs-numbers": "6.7.0", "@solana/codecs-strings": "6.7.0", "@solana/errors": "6.7.0", "@solana/functional": "6.7.0", "@solana/instructions": "6.7.0", "@solana/keys": "6.7.0", "@solana/nominal-types": "6.7.0", "@solana/rpc-types": "6.7.0", "@solana/transaction-messages": "6.7.0" }, "peerDependencies": { "typescript": "^5.0.0" }, "optionalPeers": ["typescript"] }, "sha512-4qiVyr2VfJdjmKg9aLA+nulHaoNLOEBr2f6+aWDQIuRMNiaYHLwXQ2BzfVROtou1TuUrdO9R6JGwI/C477bW4g=="],

    "@types/node": ["@types/node@25.5.2", "", { "dependencies": { "undici-types": "~7.18.0" } }, "sha512-tO4ZIRKNC+MDWV4qKVZe3Ql/woTnmHDr5JD8UI5hn2pwBrHEwOEMZK7WlNb5RKB6EoJ02gwmQS9OrjuFnZYdpg=="],

    "@typescript/vfs": ["@typescript/vfs@1.6.4", "", { "dependencies": { "debug": "^4.4.3" }, "peerDependencies": { "typescript": "*" } }, "sha512-PJFXFS4ZJKiJ9Qiuix6Dz/OwEIqHD7Dme1UwZhTK11vR+5dqW2ACbdndWQexBzCx+CPuMe5WBYQWCsFyGlQLlQ=="],

    "ansi-regex": ["ansi-regex@5.0.1", "", {}, "sha512-quJQXlTSUGL2LH9SUXo8VwsY4soanhgo6LNSm84E1LBcE8s3O0wpdiRzyR9z/ZZJMlMWv37qOOb9pdJlMUEKFQ=="],

    "ansi-styles": ["ansi-styles@4.3.0", "", { "dependencies": { "color-convert": "^2.0.1" } }, "sha512-zbB9rCJAT1rbjiVDb2hqKFHNYLxgtk8NURxZ3IZwD3F6NtxbXZQCnnSi1Lkx+IDohdPlFp222wVALIheZJQSEg=="],

    "case-anything": ["case-anything@2.1.13", "", {}, "sha512-zlOQ80VrQ2Ue+ymH5OuM/DlDq64mEm+B9UTdHULv5osUMD6HalNTblf2b1u/m6QecjsnOkBpqVZ+XPwIVsy7Ng=="],

    "chalk": ["chalk@5.6.2", "", {}, "sha512-7NzBL0rN6fMUW+f7A6Io4h40qQlG+xGmtMxfbnH/K7TAtt8JQWVQK+6g0UXKMeVJoyV5EkkNsErQ8pVD3bLHbA=="],

    "cliui": ["cliui@8.0.1", "", { "dependencies": { "string-width": "^4.2.0", "strip-ansi": "^6.0.1", "wrap-ansi": "^7.0.0" } }, "sha512-BSeNnyus75C4//NQ9gQt1/csTXyo/8Sb+afLAkzAptFuMsod9HFokGNudZpi/oQV73hnVK+sR+5PVRMd+Dr7YQ=="],

    "color-convert": ["color-convert@2.0.1", "", { "dependencies": { "color-name": "~1.1.4" } }, "sha512-RRECPsj7iu/xb5oKYcsFHSppFNnsj/52OVTRKb4zP5onXwVF3zVmmToNcOfGC+CRDpfK/U584fMg38ZHCaElKQ=="],

    "color-name": ["color-name@1.1.4", "", {}, "sha512-dOy+3AuW3a2wNbZHIuMZpTcgjGuLU/uBL/ubcZF9OXbDo8ff4O8yVp5Bf0efS8uEoYo5q4Fx7dY9OgQGXgAsQA=="],

    "commander": ["commander@14.0.3", "", {}, "sha512-H+y0Jo/T1RZ9qPP4Eh1pkcQcLRglraJaSLoyOtHxu6AapkjWVCy2Sit1QQ4x3Dng8qDlSsZEet7g5Pq06MvTgw=="],

    "debug": ["debug@4.4.3", "", { "dependencies": { "ms": "^2.1.3" } }, "sha512-RGwwWnwQvkVfavKVt22FGLw+xYSdzARwm0ru6DhTVA3umU5hZc28V3kO4stgYryrTlLpuvgI9GiijltAjNbcqA=="],

    "detect-libc": ["detect-libc@1.0.3", "", { "bin": { "detect-libc": "./bin/detect-libc.js" } }, "sha512-pGjwhsmsp4kL2RTz08wcOlGN83otlqHeD/Z5T8GXZB+/YcpQ/dgo+lbU8ZsGxV0HIvqqxo9l7mqYwyYMD9bKDg=="],

    "dprint-node": ["dprint-node@1.0.8", "", { "dependencies": { "detect-libc": "^1.0.3" } }, "sha512-iVKnUtYfGrYcW1ZAlfR/F59cUVL8QIhWoBJoSjkkdua/dkWIgjZfiLMeTjiB06X0ZLkQ0M2C1VbUj/CxkIf1zg=="],

    "emoji-regex": ["emoji-regex@8.0.0", "", {}, "sha512-MSjYzcWNOA0ewAHpz0MxpYFvwg6yjy1NG3xteoqz644VCo/RPgnr1/GGt+ic3iJTzQ8Eu3TdM14SawnVUmGE6A=="],

    "escalade": ["escalade@3.2.0", "", {}, "sha512-WUj2qlxaQtO4g6Pq5c29GTcWGDyd8itL8zTlipgECz3JesAiiOKotd8JU6otB3PACgG6xkJUyVhboMS+bje/jA=="],

    "get-caller-file": ["get-caller-file@2.0.5", "", {}, "sha512-DyFP3BM/3YHTQOCUL/w0OZHR0lpKeGrxotcHWcqNEdnltqFwXVfhEBQ94eIo34AfQpo0rGki4cyIiftY06h2Fg=="],

    "is-fullwidth-code-point": ["is-fullwidth-code-point@3.0.0", "", {}, "sha512-zymm5+u+sCsSWyD9qNaejV3DFvhCKclKdizYaJUuHA83RLjb7nSuGnddCHGv0hk+KY7BMAlsWeK4Ueg6EV6XQg=="],

    "lodash.camelcase": ["lodash.camelcase@4.3.0", "", {}, "sha512-TwuEnCnxbc3rAvhf/LbG7tJUDzhqXyFnv3dtzLOPgCG/hODL7WFnsbwktkD7yUV0RrreP/l1PALq/YSg6VvjlA=="],

    "long": ["long@5.3.2", "", {}, "sha512-mNAgZ1GmyNhD7AuqnTG3/VQ26o760+ZYBPKjPvugO8+nLbYfX6TVpJPseBvopbdY+qpZ/lKUnmEc1LeZYS3QAA=="],

    "ms": ["ms@2.1.3", "", {}, "sha512-6FlzubTLZG3J2a/NVCAleEhjzq5oxgHyaCU9yYXvcLsvoVaHJq/s5xXI6/XXP6tz7R9xAOtHnSO/tXtF3WRTlA=="],

    "protobufjs": ["protobufjs@7.5.4", "", { "dependencies": { "@protobufjs/aspromise": "^1.1.2", "@protobufjs/base64": "^1.1.2", "@protobufjs/codegen": "^2.0.4", "@protobufjs/eventemitter": "^1.1.0", "@protobufjs/fetch": "^1.1.0", "@protobufjs/float": "^1.0.2", "@protobufjs/inquire": "^1.1.0", "@protobufjs/path": "^1.1.2", "@protobufjs/pool": "^1.1.0", "@protobufjs/utf8": "^1.1.0", "@types/node": ">=13.7.0", "long": "^5.0.0" } }, "sha512-CvexbZtbov6jW2eXAvLukXjXUW1TzFaivC46BpWc/3BpcCysb5Vffu+B3XHMm8lVEuy2Mm4XGex8hBSg1yapPg=="],

    "require-directory": ["require-directory@2.1.1", "", {}, "sha512-fGxEI7+wsG9xrvdjsrlmL22OMTTiHRwAMroiEeMgq8gzoLC/PQr7RsRDSTLUg/bZAZtF+TVIkHc6/4RIKrui+Q=="],

    "string-width": ["string-width@4.2.3", "", { "dependencies": { "emoji-regex": "^8.0.0", "is-fullwidth-code-point": "^3.0.0", "strip-ansi": "^6.0.1" } }, "sha512-wKyQRQpjJ0sIp62ErSZdGsjMJWsap5oRNihHhu6G7JVO/9jIB6UyevL+tXuOqrng8j/cxKTWyWUwvSTriiZz/g=="],

    "strip-ansi": ["strip-ansi@6.0.1", "", { "dependencies": { "ansi-regex": "^5.0.1" } }, "sha512-Y38VPSHcqkFrCpFnQ9vuSXmquuv5oXOKpGeT6aGrr3o3Gc9AlVa6JBfUSOCnbxGGZF+/0ooI7KrPuUSztUdU5A=="],

    "ts-poet": ["ts-poet@6.12.0", "", { "dependencies": { "dprint-node": "^1.0.8" } }, "sha512-xo+iRNMWqyvXpFTaOAvLPA5QAWO6TZrSUs5s4Odaya3epqofBu/fMLHEWl8jPmjhA0s9sgj9sNvF1BmaQlmQkA=="],

    "ts-proto": ["ts-proto@2.11.6", "", { "dependencies": { "@bufbuild/protobuf": "^2.10.2", "case-anything": "^2.1.13", "ts-poet": "^6.12.0", "ts-proto-descriptors": "2.1.0" }, "bin": { "protoc-gen-ts_proto": "protoc-gen-ts_proto" } }, "sha512-2rPkH5W/KeXOyVUC6o06RdRabVK8zSDmQpnRz4XbRiYMHRdI12KqDjAdGW7ebxzzMNE5cw/j+ptA0WMVqZILrQ=="],

    "ts-proto-descriptors": ["ts-proto-descriptors@2.1.0", "", { "dependencies": { "@bufbuild/protobuf": "^2.0.0" } }, "sha512-S5EZYEQ6L9KLFfjSRpZWDIXDV/W7tAj8uW7pLsihIxyr62EAVSiKuVPwE8iWnr849Bqa53enex1jhDUcpgquzA=="],

    "typescript": ["typescript@5.9.3", "", { "bin": { "tsc": "bin/tsc", "tsserver": "bin/tsserver" } }, "sha512-jl1vZzPDinLr9eUt3J/t7V6FgNEw9QjvBPdysz9KfQDD41fQrC2Y4vKQdiaUpFT4bXlb1RHhLpp8wtm6M5TgSw=="],

    "undici-types": ["undici-types@7.24.7", "", {}, "sha512-XA+gOBkzYD3C74sZowtCLTpgtaCdqZhqCvR6y9LXvrKTt/IVU6bz49T4D+BPi475scshCCkb0IklJRw6T1ZlgQ=="],

    "wrap-ansi": ["wrap-ansi@7.0.0", "", { "dependencies": { "ansi-styles": "^4.0.0", "string-width": "^4.1.0", "strip-ansi": "^6.0.0" } }, "sha512-YVGIj2kamLSTxw6NsZjoBxfSwsn0ycdesmc4p+Q21c5zPuZ1pl+NfxVdxPtdHvmNVOQ6XSYG4AUtyt/Fi7D16Q=="],

    "ws": ["ws@8.20.0", "", { "peerDependencies": { "bufferutil": "^4.0.1", "utf-8-validate": ">=5.0.2" }, "optionalPeers": ["bufferutil", "utf-8-validate"] }, "sha512-sAt8BhgNbzCtgGbt2OxmpuryO63ZoDk/sqaB/znQm94T4fCEsy/yV+7CdC1kJhOU9lboAEU7R3kquuycDoibVA=="],

    "y18n": ["y18n@5.0.8", "", {}, "sha512-0pfFzegeDWJHJIAmTLRP2DwHjdF5s7jo9tuztdQxAhINCdvS+3nGINqPd00AphqJR/0LhANUS6/+7SCb98YOfA=="],

    "yargs": ["yargs@17.7.2", "", { "dependencies": { "cliui": "^8.0.1", "escalade": "^3.1.1", "get-caller-file": "^2.0.5", "require-directory": "^2.1.1", "string-width": "^4.2.3", "y18n": "^5.0.5", "yargs-parser": "^21.1.1" } }, "sha512-7dSzzRQ++CKnNI/krKnYRV7JKKPUXMEh61soaHKg9mrWEhzFWhFnxPxGl+69cD1Ou63C13NUPCnmIcrvqCuM6w=="],

    "yargs-parser": ["yargs-parser@21.1.1", "", {}, "sha512-tVpsJW7DdjecAiFpbIB1e3qxIQsE6NoPc5/eTdrbbIC4h0LVsWhnoa3g+m2HclBIujHzsxZ4VJVA+GUuc2/LBw=="],

    "@bufbuild/protoplugin/typescript": ["typescript@5.4.5", "", { "bin": { "tsc": "bin/tsc", "tsserver": "bin/tsserver" } }, "sha512-vcI4UpRgg81oIRUFwR0WSIHKt11nJ7SAVlYNIu+QpqeyXP+gpQJy/Z4+F0aGxSE4MqwjyXvW/TzgkLAx2AGHwQ=="],

    "@protobuf-ts/plugin/typescript": ["typescript@3.9.10", "", { "bin": { "tsc": "bin/tsc", "tsserver": "bin/tsserver" } }, "sha512-w6fIxVE/H1PkLKcCPsFqKE7Kv7QUwhU8qQY2MueZXWx5cPZdwFupLgKK3vntcK98BtNHZtAF4LA/yl2a7k8R6Q=="],

    "@types/node/undici-types": ["undici-types@7.18.2", "", {}, "sha512-AsuCzffGHJybSaRrmr5eHr81mwJU3kjw6M+uprWvCXiNeN9SOGwQ3Jn8jb8m3Z6izVgknn1R0FTCEAP2QrLY/w=="],
  }
}
